# This file is automatically @generated by Cargo.
# It is not intended for manual editing.
version = 4

[[package]]
name = "bitflags"
version = "2.9.4"
source = "registry+https://github.com/rust-lang/crates.io-index"
checksum = "2261d10cca569e4643e526d8dc2e62e433cc8aba21ab764233731f8d369bf394"

[[package]]
name = "dos"
version = "0.0.3"
dependencies = [
 "bitflags",
 "windows-sys",
]

[[package]]
name = "windows-link"
version = "0.2.0"
source = "registry+https://github.com/rust-lang/crates.io-index"
checksum = "45e46c0661abb7180e7b9c281db115305d49ca1709ab8242adf09666d2173c65"

[[package]]
name = "windows-sys"
version = "0.61.0"
source = "registry+https://github.com/rust-lang/crates.io-index"
checksum = "e201184e40b2ede64bc2ea34968b28e33622acdbbf37104f0e4a33f7abe657aa"
dependencies = [
 "windows-link",
]
